
Microsoft Visual Studio Solution File, Format Version 12.00
# Visual Studio 15
VisualStudioVersion = 15.0.28307.168
MinimumVisualStudioVersion = 10.0.40219.1
Project("{FAE04EC0-301F-11D3-BF4B-00C04F79EFBC}") = "1 CreatingFirstThread", "1 CreatingFirstThread\1 CreatingFirstThread.csproj", "{63261DAC-A978-4A3D-9B16-6BF5B164EE19}"
EndProject
Global
	GlobalSection(SolutionConfigurationPlatforms) = preSolution
		Debug|Any CPU = Debug|Any CPU
		Release|Any CPU = Release|Any CPU
	EndGlobalSection
	GlobalSection(ProjectConfigurationPlatforms) = postSolution
		{63261DAC-A978-4A3D-9B16-6BF5B164EE19}.Debug|Any CPU.ActiveCfg = Debug|Any CPU
		{63261DAC-A978-4A3D-9B16-6BF5B164EE19}.Debug|Any CPU.Build.0 = Debug|Any CPU
		{63261DAC-A978-4A3D-9B16-6BF5B164EE19}.Release|Any CPU.ActiveCfg = Release|Any CPU
		{63261DAC-A978-4A3D-9B16-6BF5B164EE19}.Release|Any CPU.Build.0 = Release|Any CPU
	EndGlobalSection
	GlobalSection(SolutionProperties) = preSolution
		HideSolutionNode = FALSE
	EndGlobalSection
	GlobalSection(ExtensibilityGlobals) = postSolution
		SolutionGuid = {1132FBA3-FCBE-40C4-B333-0A11B9BBD3C2}
	EndGlobalSection
EndGlobal
